// !$*UTF8*$!
{
	archiveVersion = 1;
	classes = {
	};
	objectVersion = 46;
	objects = {

/* Begin PBXBuildFile section */
		3502E93D1B32C86F00D6BB43 /* AppDelegate.swift in Sources */ = {isa = PBXBuildFile; fileRef = 3502E93C1B32C86F00D6BB43 /* AppDelegate.swift */; };
		3502E93F1B32C86F00D6BB43 /* ViewController.swift in Sources */ = {isa = PBXBuildFile; fileRef = 3502E93E1B32C86F00D6BB43 /* ViewController.swift */; };
		3502E9421B32C86F00D6BB43 /* Main.storyboard in Resources */ = {isa = PBXBuildFile; fileRef = 3502E9401B32C86F00D6BB43 /* Main.storyboard */; };
		3502E9441B32C86F00D6BB43 /* Assets.xcassets in Resources */ = {isa = PBXBuildFile; fileRef = 3502E9431B32C86F00D6BB43 /* Assets.xcassets */; };
		3502E9471B32C86F00D6BB43 /* LaunchScreen.storyboard in Resources */ = {isa = PBXBuildFile; fileRef = 3502E9451B32C86F00D6BB43 /* LaunchScreen.storyboard */; };
		3502E9521B32C86F00D6BB43 /* DesignerAppTests.swift in Sources */ = {isa = PBXBuildFile; fileRef = 3502E9511B32C86F00D6BB43 /* DesignerAppTests.swift */; };
		3502E95D1B32C86F00D6BB43 /* DesignerAppUITests.swift in Sources */ = {isa = PBXBuildFile; fileRef = 3502E95C1B32C86F00D6BB43 /* DesignerAppUITests.swift */; };
		355AA23E1B33BEEE0063036E /* LoginViewController.swift in Sources */ = {isa = PBXBuildFile; fileRef = 355AA23D1B33BEEE0063036E /* LoginViewController.swift */; };
		355AA2411B33E2B10063036E /* DesignTextField.swift in Sources */ = {isa = PBXBuildFile; fileRef = 355AA2401B33E2B10063036E /* DesignTextField.swift */; };
		355AA2431B33FEE90063036E /* MenuViewController.swift in Sources */ = {isa = PBXBuildFile; fileRef = 355AA2421B33FEE90063036E /* MenuViewController.swift */; };
		355AA2451B3408550063036E /* LearnViewController.swift in Sources */ = {isa = PBXBuildFile; fileRef = 355AA2441B3408550063036E /* LearnViewController.swift */; };
		35F317B11B392B6A0064B26A /* UserDefaultManager.swift in Sources */ = {isa = PBXBuildFile; fileRef = 35F317B01B392B6A0064B26A /* UserDefaultManager.swift */; };
		35F317B31B395D090064B26A /* TopStoriesViewController.swift in Sources */ = {isa = PBXBuildFile; fileRef = 35F317B21B395D090064B26A /* TopStoriesViewController.swift */; };
		35F317B51B3963C20064B26A /* CommentTableViewController.swift in Sources */ = {isa = PBXBuildFile; fileRef = 35F317B41B3963C20064B26A /* CommentTableViewController.swift */; };
		35FDFB991B399FE1003C0AD3 /* libPods-DesignerApp.a in Frameworks */ = {isa = PBXBuildFile; fileRef = 35FDFB981B399FE1003C0AD3 /* libPods-DesignerApp.a */; };
		35FDFB9B1B3A36E4003C0AD3 /* StoryTableViewCell.swift in Sources */ = {isa = PBXBuildFile; fileRef = 35FDFB9A1B3A36E3003C0AD3 /* StoryTableViewCell.swift */; };
		35FDFB9E1B3A3EFF003C0AD3 /* Story.swift in Sources */ = {isa = PBXBuildFile; fileRef = 35FDFB9D1B3A3EFF003C0AD3 /* Story.swift */; };
/* End PBXBuildFile section */

/* Begin PBXContainerItemProxy section */
		3502E94E1B32C86F00D6BB43 /* PBXContainerItemProxy */ = {
			isa = PBXContainerItemProxy;
			containerPortal = 3502E9311B32C86F00D6BB43 /* Project object */;
			proxyType = 1;
			remoteGlobalIDString = 3502E9381B32C86F00D6BB43;
			remoteInfo = DesignerApp;
		};
		3502E9591B32C86F00D6BB43 /* PBXContainerItemProxy */ = {
			isa = PBXContainerItemProxy;
			containerPortal = 3502E9311B32C86F00D6BB43 /* Project object */;
			proxyType = 1;
			remoteGlobalIDString = 3502E9381B32C86F00D6BB43;
			remoteInfo = DesignerApp;
		};
/* End PBXContainerItemProxy section */

/* Begin PBXFileReference section */
		247337AA22FAC669EB997567 /* Pods-DesignerApp.release.xcconfig */ = {isa = PBXFileReference; includeInIndex = 1; lastKnownFileType = text.xcconfig; name = "Pods-DesignerApp.release.xcconfig"; path = "Pods/Target Support Files/Pods-DesignerApp/Pods-DesignerApp.release.xcconfig"; sourceTree = "<group>"; };
		3502E9391B32C86F00D6BB43 /* DesignerApp.app */ = {isa = PBXFileReference; explicitFileType = wrapper.application; includeInIndex = 0; path = DesignerApp.app; sourceTree = BUILT_PRODUCTS_DIR; };
		3502E93C1B32C86F00D6BB43 /* AppDelegate.swift */ = {isa = PBXFileReference; lastKnownFileType = sourcecode.swift; path = AppDelegate.swift; sourceTree = "<group>"; };
		3502E93E1B32C86F00D6BB43 /* ViewController.swift */ = {isa = PBXFileReference; lastKnownFileType = sourcecode.swift; path = ViewController.swift; sourceTree = "<group>"; };
		3502E9411B32C86F00D6BB43 /* Base */ = {isa = PBXFileReference; lastKnownFileType = file.storyboard; name = Base; path = Base.lproj/Main.storyboard; sourceTree = "<group>"; };
		3502E9431B32C86F00D6BB43 /* Assets.xcassets */ = {isa = PBXFileReference; lastKnownFileType = folder.assetcatalog; path = Assets.xcassets; sourceTree = "<group>"; };
		3502E9461B32C86F00D6BB43 /* Base */ = {isa = PBXFileReference; lastKnownFileType = file.storyboard; name = Base; path = Base.lproj/LaunchScreen.storyboard; sourceTree = "<group>"; };
		3502E9481B32C86F00D6BB43 /* Info.plist */ = {isa = PBXFileReference; lastKnownFileType = text.plist.xml; path = Info.plist; sourceTree = "<group>"; };
		3502E94D1B32C86F00D6BB43 /* DesignerAppTests.xctest */ = {isa = PBXFileReference; explicitFileType = wrapper.cfbundle; includeInIndex = 0; path = DesignerAppTests.xctest; sourceTree = BUILT_PRODUCTS_DIR; };
		3502E9511B32C86F00D6BB43 /* DesignerAppTests.swift */ = {isa = PBXFileReference; lastKnownFileType = sourcecode.swift; path = DesignerAppTests.swift; sourceTree = "<group>"; };
		3502E9531B32C86F00D6BB43 /* Info.plist */ = {isa = PBXFileReference; lastKnownFileType = text.plist.xml; path = Info.plist; sourceTree = "<group>"; };
		3502E9581B32C86F00D6BB43 /* DesignerAppUITests.xctest */ = {isa = PBXFileReference; explicitFileType = wrapper.cfbundle; includeInIndex = 0; path = DesignerAppUITests.xctest; sourceTree = BUILT_PRODUCTS_DIR; };
		3502E95C1B32C86F00D6BB43 /* DesignerAppUITests.swift */ = {isa = PBXFileReference; lastKnownFileType = sourcecode.swift; path = DesignerAppUITests.swift; sourceTree = "<group>"; };
		3502E95E1B32C86F00D6BB43 /* Info.plist */ = {isa = PBXFileReference; lastKnownFileType = text.plist.xml; path = Info.plist; sourceTree = "<group>"; };
		355AA23D1B33BEEE0063036E /* LoginViewController.swift */ = {isa = PBXFileReference; fileEncoding = 4; lastKnownFileType = sourcecode.swift; path = LoginViewController.swift; sourceTree = "<group>"; };
		355AA2401B33E2B10063036E /* DesignTextField.swift */ = {isa = PBXFileReference; fileEncoding = 4; lastKnownFileType = sourcecode.swift; path = DesignTextField.swift; sourceTree = "<group>"; };
		355AA2421B33FEE90063036E /* MenuViewController.swift */ = {isa = PBXFileReference; fileEncoding = 4; lastKnownFileType = sourcecode.swift; path = MenuViewController.swift; sourceTree = "<group>"; };
		355AA2441B3408550063036E /* LearnViewController.swift */ = {isa = PBXFileReference; fileEncoding = 4; lastKnownFileType = sourcecode.swift; path = LearnViewController.swift; sourceTree = "<group>"; };
		35F317B01B392B6A0064B26A /* UserDefaultManager.swift */ = {isa = PBXFileReference; fileEncoding = 4; lastKnownFileType = sourcecode.swift; path = UserDefaultManager.swift; sourceTree = "<group>"; };
		35F317B21B395D090064B26A /* TopStoriesViewController.swift */ = {isa = PBXFileReference; fileEncoding = 4; lastKnownFileType = sourcecode.swift; path = TopStoriesViewController.swift; sourceTree = "<group>"; };
		35F317B41B3963C20064B26A /* CommentTableViewController.swift */ = {isa = PBXFileReference; fileEncoding = 4; lastKnownFileType = sourcecode.swift; path = CommentTableViewController.swift; sourceTree = "<group>"; };
		35FDFB981B399FE1003C0AD3 /* libPods-DesignerApp.a */ = {isa = PBXFileReference; lastKnownFileType = archive.ar; name = "libPods-DesignerApp.a"; path = "Pods/../build/Debug-iphoneos/libPods-DesignerApp.a"; sourceTree = "<group>"; };
		35FDFB9A1B3A36E3003C0AD3 /* StoryTableViewCell.swift */ = {isa = PBXFileReference; fileEncoding = 4; lastKnownFileType = sourcecode.swift; path = StoryTableViewCell.swift; sourceTree = "<group>"; };
		35FDFB9D1B3A3EFF003C0AD3 /* Story.swift */ = {isa = PBXFileReference; fileEncoding = 4; lastKnownFileType = sourcecode.swift; path = Story.swift; sourceTree = "<group>"; };
		90440FF6100A162A442FF978 /* Pods-DesignerApp.debug.xcconfig */ = {isa = PBXFileReference; includeInIndex = 1; lastKnownFileType = text.xcconfig; name = "Pods-DesignerApp.debug.xcconfig"; path = "Pods/Target Support Files/Pods-DesignerApp/Pods-DesignerApp.debug.xcconfig"; sourceTree = "<group>"; };
		A11776FDB049216D5E3A6D52 /* libPods-DesignerApp.a */ = {isa = PBXFileReference; explicitFileType = archive.ar; includeInIndex = 0; path = "libPods-DesignerApp.a"; sourceTree = BUILT_PRODUCTS_DIR; };
/* End PBXFileReference section */

/* Begin PBXFrameworksBuildPhase section */
		3502E9361B32C86F00D6BB43 /* Frameworks */ = {
			isa = PBXFrameworksBuildPhase;
			buildActionMask = 2147483647;
			files = (
				35FDFB991B399FE1003C0AD3 /* libPods-DesignerApp.a in Frameworks */,
			);
			runOnlyForDeploymentPostprocessing = 0;
		};
		3502E94A1B32C86F00D6BB43 /* Frameworks */ = {
			isa = PBXFrameworksBuildPhase;
			buildActionMask = 2147483647;
			files = (
			);
			runOnlyForDeploymentPostprocessing = 0;
		};
		3502E9551B32C86F00D6BB43 /* Frameworks */ = {
			isa = PBXFrameworksBuildPhase;
			buildActionMask = 2147483647;
			files = (
			);
			runOnlyForDeploymentPostprocessing = 0;
		};
/* End PBXFrameworksBuildPhase section */

/* Begin PBXGroup section */
		3502E9301B32C86F00D6BB43 = {
			isa = PBXGroup;
			children = (
				3502E93B1B32C86F00D6BB43 /* DesignerApp */,
				3502E9501B32C86F00D6BB43 /* DesignerAppTests */,
				3502E95B1B32C86F00D6BB43 /* DesignerAppUITests */,
				3502E93A1B32C86F00D6BB43 /* Products */,
				4142F05B5284608D770DAF84 /* Pods */,
				D0C8205CF3BED03D79ADD445 /* Frameworks */,
			);
			sourceTree = "<group>";
		};
		3502E93A1B32C86F00D6BB43 /* Products */ = {
			isa = PBXGroup;
			children = (
				3502E9391B32C86F00D6BB43 /* DesignerApp.app */,
				3502E94D1B32C86F00D6BB43 /* DesignerAppTests.xctest */,
				3502E9581B32C86F00D6BB43 /* DesignerAppUITests.xctest */,
			);
			name = Products;
			sourceTree = "<group>";
		};
		3502E93B1B32C86F00D6BB43 /* DesignerApp */ = {
			isa = PBXGroup;
			children = (
				35F317AD1B392AE70064B26A /* data */,
				355AA23F1B33E2540063036E /* views */,
				3502E93C1B32C86F00D6BB43 /* AppDelegate.swift */,
				3502E93E1B32C86F00D6BB43 /* ViewController.swift */,
				3502E9401B32C86F00D6BB43 /* Main.storyboard */,
				3502E9431B32C86F00D6BB43 /* Assets.xcassets */,
				3502E9451B32C86F00D6BB43 /* LaunchScreen.storyboard */,
				3502E9481B32C86F00D6BB43 /* Info.plist */,
				355AA23C1B33BE080063036E /* controllers */,
			);
			path = DesignerApp;
			sourceTree = "<group>";
		};
		3502E9501B32C86F00D6BB43 /* DesignerAppTests */ = {
			isa = PBXGroup;
			children = (
				3502E9511B32C86F00D6BB43 /* DesignerAppTests.swift */,
				3502E9531B32C86F00D6BB43 /* Info.plist */,
			);
			path = DesignerAppTests;
			sourceTree = "<group>";
		};
		3502E95B1B32C86F00D6BB43 /* DesignerAppUITests */ = {
			isa = PBXGroup;
			children = (
				3502E95C1B32C86F00D6BB43 /* DesignerAppUITests.swift */,
				3502E95E1B32C86F00D6BB43 /* Info.plist */,
			);
			path = DesignerAppUITests;
			sourceTree = "<group>";
		};
		355AA23C1B33BE080063036E /* controllers */ = {
			isa = PBXGroup;
			children = (
				355AA23D1B33BEEE0063036E /* LoginViewController.swift */,
				355AA2421B33FEE90063036E /* MenuViewController.swift */,
				355AA2441B3408550063036E /* LearnViewController.swift */,
				35F317B21B395D090064B26A /* TopStoriesViewController.swift */,
				35F317B41B3963C20064B26A /* CommentTableViewController.swift */,
			);
			name = controllers;
			sourceTree = "<group>";
		};
		355AA23F1B33E2540063036E /* views */ = {
			isa = PBXGroup;
			children = (
				355AA2401B33E2B10063036E /* DesignTextField.swift */,
				35FDFB9A1B3A36E3003C0AD3 /* StoryTableViewCell.swift */,
			);
			name = views;
			sourceTree = "<group>";
		};
		35F317AD1B392AE70064B26A /* data */ = {
			isa = PBXGroup;
			children = (
				35FDFB9C1B3A3EF4003C0AD3 /* models */,
				35F317B01B392B6A0064B26A /* UserDefaultManager.swift */,
			);
			name = data;
			sourceTree = "<group>";
		};
		35FDFB9C1B3A3EF4003C0AD3 /* models */ = {
			isa = PBXGroup;
			children = (
				35FDFB9D1B3A3EFF003C0AD3 /* Story.swift */,
			);
			name = models;
			sourceTree = "<group>";
		};
		4142F05B5284608D770DAF84 /* Pods */ = {
			isa = PBXGroup;
			children = (
				90440FF6100A162A442FF978 /* Pods-DesignerApp.debug.xcconfig */,
				247337AA22FAC669EB997567 /* Pods-DesignerApp.release.xcconfig */,
			);
			name = Pods;
			sourceTree = "<group>";
		};
		D0C8205CF3BED03D79ADD445 /* Frameworks */ = {
			isa = PBXGroup;
			children = (
				35FDFB981B399FE1003C0AD3 /* libPods-DesignerApp.a */,
				A11776FDB049216D5E3A6D52 /* libPods-DesignerApp.a */,
			);
			name = Frameworks;
			sourceTree = "<group>";
		};
/* End PBXGroup section */

/* Begin PBXNativeTarget section */
		3502E9381B32C86F00D6BB43 /* DesignerApp */ = {
			isa = PBXNativeTarget;
			buildConfigurationList = 3502E9611B32C86F00D6BB43 /* Build configuration list for PBXNativeTarget "DesignerApp" */;
			buildPhases = (
				32414BED50AC1E7DDD57F17A /* Check Pods Manifest.lock */,
				3502E9351B32C86F00D6BB43 /* Sources */,
				3502E9361B32C86F00D6BB43 /* Frameworks */,
				3502E9371B32C86F00D6BB43 /* Resources */,
				10A80A7DCA89F759C841A713 /* Copy Pods Resources */,
			);
			buildRules = (
			);
			dependencies = (
			);
			name = DesignerApp;
			productName = DesignerApp;
			productReference = 3502E9391B32C86F00D6BB43 /* DesignerApp.app */;
			productType = "com.apple.product-type.application";
		};
		3502E94C1B32C86F00D6BB43 /* DesignerAppTests */ = {
			isa = PBXNativeTarget;
			buildConfigurationList = 3502E9641B32C86F00D6BB43 /* Build configuration list for PBXNativeTarget "DesignerAppTests" */;
			buildPhases = (
				3502E9491B32C86F00D6BB43 /* Sources */,
				3502E94A1B32C86F00D6BB43 /* Frameworks */,
				3502E94B1B32C86F00D6BB43 /* Resources */,
			);
			buildRules = (
			);
			dependencies = (
				3502E94F1B32C86F00D6BB43 /* PBXTargetDependency */,
			);
			name = DesignerAppTests;
			productName = DesignerAppTests;
			productReference = 3502E94D1B32C86F00D6BB43 /* DesignerAppTests.xctest */;
			productType = "com.apple.product-type.bundle.unit-test";
		};
		3502E9571B32C86F00D6BB43 /* DesignerAppUITests */ = {
			isa = PBXNativeTarget;
			buildConfigurationList = 3502E9671B32C86F00D6BB43 /* Build configuration list for PBXNativeTarget "DesignerAppUITests" */;
			buildPhases = (
				3502E9541B32C86F00D6BB43 /* Sources */,
				3502E9551B32C86F00D6BB43 /* Frameworks */,
				3502E9561B32C86F00D6BB43 /* Resources */,
			);
			buildRules = (
			);
			dependencies = (
				3502E95A1B32C86F00D6BB43 /* PBXTargetDependency */,
			);
			name = DesignerAppUITests;
			productName = DesignerAppUITests;
			productReference = 3502E9581B32C86F00D6BB43 /* DesignerAppUITests.xctest */;
			productType = "com.apple.product-type.bundle.ui-testing";
		};
/* End PBXNativeTarget section */

/* Begin PBXProject section */
		3502E9311B32C86F00D6BB43 /* Project object */ = {
			isa = PBXProject;
			attributes = {
				LastSwiftUpdateCheck = 0700;
				LastUpgradeCheck = 0700;
				ORGANIZATIONNAME = gongmingqm10;
				TargetAttributes = {
					3502E9381B32C86F00D6BB43 = {
						CreatedOnToolsVersion = 7.0;
					};
					3502E94C1B32C86F00D6BB43 = {
						CreatedOnToolsVersion = 7.0;
						TestTargetID = 3502E9381B32C86F00D6BB43;
					};
					3502E9571B32C86F00D6BB43 = {
						CreatedOnToolsVersion = 7.0;
						TestTargetID = 3502E9381B32C86F00D6BB43;
					};
				};
			};
			buildConfigurationList = 3502E9341B32C86F00D6BB43 /* Build configuration list for PBXProject "DesignerApp" */;
			compatibilityVersion = "Xcode 3.2";
			developmentRegion = English;
			hasScannedForEncodings = 0;
			knownRegions = (
				en,
				Base,
			);
			mainGroup = 3502E9301B32C86F00D6BB43;
			productRefGroup = 3502E93A1B32C86F00D6BB43 /* Products */;
			projectDirPath = "";
			projectRoot = "";
			targets = (
				3502E9381B32C86F00D6BB43 /* DesignerApp */,
				3502E94C1B32C86F00D6BB43 /* DesignerAppTests */,
				3502E9571B32C86F00D6BB43 /* DesignerAppUITests */,
			);
		};
/* End PBXProject section */

/* Begin PBXResourcesBuildPhase section */
		3502E9371B32C86F00D6BB43 /* Resources */ = {
			isa = PBXResourcesBuildPhase;
			buildActionMask = 2147483647;
			files = (
				3502E9471B32C86F00D6BB43 /* LaunchScreen.storyboard in Resources */,
				3502E9441B32C86F00D6BB43 /* Assets.xcassets in Resources */,
				3502E9421B32C86F00D6BB43 /* Main.storyboard in Resources */,
			);
			runOnlyForDeploymentPostprocessing = 0;
		};
		3502E94B1B32C86F00D6BB43 /* Resources */ = {
			isa = PBXResourcesBuildPhase;
			buildActionMask = 2147483647;
			files = (
			);
			runOnlyForDeploymentPostprocessing = 0;
		};
		3502E9561B32C86F00D6BB43 /* Resources */ = {
			isa = PBXResourcesBuildPhase;
			buildActionMask = 2147483647;
			files = (
			);
			runOnlyForDeploymentPostprocessing = 0;
		};
/* End PBXResourcesBuildPhase section */

/* Begin PBXShellScriptBuildPhase section */
		10A80A7DCA89F759C841A713 /* Copy Pods Resources */ = {
			isa = PBXShellScriptBuildPhase;
			buildActionMask = 2147483647;
			files = (
			);
			inputPaths = (
			);
			name = "Copy Pods Resources";
			outputPaths = (
			);
			runOnlyForDeploymentPostprocessing = 0;
			shellPath = /bin/sh;
			shellScript = "\"${SRCROOT}/Pods/Target Support Files/Pods-DesignerApp/Pods-DesignerApp-resources.sh\"\n";
			showEnvVarsInLog = 0;
		};
		32414BED50AC1E7DDD57F17A /* Check Pods Manifest.lock */ = {
			isa = PBXShellScriptBuildPhase;
			buildActionMask = 2147483647;
			files = (
			);
			inputPaths = (
			);
			name = "Check Pods Manifest.lock";
			outputPaths = (
			);
			runOnlyForDeploymentPostprocessing = 0;
			shellPath = /bin/sh;
			shellScript = "diff \"${PODS_ROOT}/../Podfile.lock\" \"${PODS_ROOT}/Manifest.lock\" > /dev/null\nif [[ $? != 0 ]] ; then\n    cat << EOM\nerror: The sandbox is not in sync with the Podfile.lock. Run 'pod install' or update your CocoaPods installation.\nEOM\n    exit 1\nfi\n";
			showEnvVarsInLog = 0;
		};
/* End PBXShellScriptBuildPhase section */

/* Begin PBXSourcesBuildPhase section */
		3502E9351B32C86F00D6BB43 /* Sources */ = {
			isa = PBXSourcesBuildPhase;
			buildActionMask = 2147483647;
			files = (
				35F317B51B3963C20064B26A /* CommentTableViewController.swift in Sources */,
				355AA23E1B33BEEE0063036E /* LoginViewController.swift in Sources */,
				355AA2431B33FEE90063036E /* MenuViewController.swift in Sources */,
				3502E93F1B32C86F00D6BB43 /* ViewController.swift in Sources */,
				3502E93D1B32C86F00D6BB43 /* AppDelegate.swift in Sources */,
				35F317B31B395D090064B26A /* TopStoriesViewController.swift in Sources */,
				355AA2411B33E2B10063036E /* DesignTextField.swift in Sources */,
				355AA2451B3408550063036E /* LearnViewController.swift in Sources */,
				35F317B11B392B6A0064B26A /* UserDefaultManager.swift in Sources */,
				35FDFB9B1B3A36E4003C0AD3 /* StoryTableViewCell.swift in Sources */,
				35FDFB9E1B3A3EFF003C0AD3 /* Story.swift in Sources */,
			);
			runOnlyForDeploymentPostprocessing = 0;
		};
		3502E9491B32C86F00D6BB43 /* Sources */ = {
			isa = PBXSourcesBuildPhase;
			buildActionMask = 2147483647;
			files = (
				3502E9521B32C86F00D6BB43 /* DesignerAppTests.swift in Sources */,
			);
			runOnlyForDeploymentPostprocessing = 0;
		};
		3502E9541B32C86F00D6BB43 /* Sources */ = {
			isa = PBXSourcesBuildPhase;
			buildActionMask = 2147483647;
			files = (
				3502E95D1B32C86F00D6BB43 /* DesignerAppUITests.swift in Sources */,
			);
			runOnlyForDeploymentPostprocessing = 0;
		};
/* End PBXSourcesBuildPhase section */

/* Begin PBXTargetDependency section */
		3502E94F1B32C86F00D6BB43 /* PBXTargetDependency */ = {
			isa = PBXTargetDependency;
			target = 3502E9381B32C86F00D6BB43 /* DesignerApp */;
			targetProxy = 3502E94E1B32C86F00D6BB43 /* PBXContainerItemProxy */;
		};
		3502E95A1B32C86F00D6BB43 /* PBXTargetDependency */ = {
			isa = PBXTargetDependency;
			target = 3502E9381B32C86F00D6BB43 /* DesignerApp */;
			targetProxy = 3502E9591B32C86F00D6BB43 /* PBXContainerItemProxy */;
		};
/* End PBXTargetDependency section */

/* Begin PBXVariantGroup section */
		3502E9401B32C86F00D6BB43 /* Main.storyboard */ = {
			isa = PBXVariantGroup;
			children = (
				3502E9411B32C86F00D6BB43 /* Base */,
			);
			name = Main.storyboard;
			sourceTree = "<group>";
		};
		3502E9451B32C86F00D6BB43 /* LaunchScreen.storyboard */ = {
			isa = PBXVariantGroup;
			children = (
				3502E9461B32C86F00D6BB43 /* Base */,
			);
			name = LaunchScreen.storyboard;
			sourceTree = "<group>";
		};
/* End PBXVariantGroup section */

/* Begin XCBuildConfiguration section */
		3502E95F1B32C86F00D6BB43 /* Debug */ = {
			isa = XCBuildConfiguration;
			buildSettings = {
				ALWAYS_SEARCH_USER_PATHS = NO;
				CLANG_CXX_LANGUAGE_STANDARD = "gnu++0x";
				CLANG_CXX_LIBRARY = "libc++";
				CLANG_ENABLE_MODULES = YES;
				CLANG_ENABLE_OBJC_ARC = YES;
				CLANG_WARN_BOOL_CONVERSION = YES;
				CLANG_WARN_CONSTANT_CONVERSION = YES;
				CLANG_WARN_DIRECT_OBJC_ISA_USAGE = YES_ERROR;
				CLANG_WARN_EMPTY_BODY = YES;
				CLANG_WARN_ENUM_CONVERSION = YES;
				CLANG_WARN_INT_CONVERSION = YES;
				CLANG_WARN_OBJC_ROOT_CLASS = YES_ERROR;
				CLANG_WARN_UNREACHABLE_CODE = YES;
				CLANG_WARN__DUPLICATE_METHOD_MATCH = YES;
				"CODE_SIGN_IDENTITY[sdk=iphoneos*]" = "iPhone Developer";
				COPY_PHASE_STRIP = NO;
				DEBUG_INFORMATION_FORMAT = dwarf;
				ENABLE_STRICT_OBJC_MSGSEND = YES;
				ENABLE_TESTABILITY = YES;
				GCC_C_LANGUAGE_STANDARD = gnu99;
				GCC_DYNAMIC_NO_PIC = NO;
				GCC_NO_COMMON_BLOCKS = YES;
				GCC_OPTIMIZATION_LEVEL = 0;
				GCC_PREPROCESSOR_DEFINITIONS = (
					"DEBUG=1",
					"$(inherited)",
				);
				GCC_WARN_64_TO_32_BIT_CONVERSION = YES;
				GCC_WARN_ABOUT_RETURN_TYPE = YES_ERROR;
				GCC_WARN_UNDECLARED_SELECTOR = YES;
				GCC_WARN_UNINITIALIZED_AUTOS = YES_AGGRESSIVE;
				GCC_WARN_UNUSED_FUNCTION = YES;
				GCC_WARN_UNUSED_VARIABLE = YES;
				IPHONEOS_DEPLOYMENT_TARGET = 9.0;
				MTL_ENABLE_DEBUG_INFO = YES;
				ONLY_ACTIVE_ARCH = YES;
				SDKROOT = iphoneos;
				SWIFT_OPTIMIZATION_LEVEL = "-Onone";
			};
			name = Debug;
		};
		3502E9601B32C86F00D6BB43 /* Release */ = {
			isa = XCBuildConfiguration;
			buildSettings = {
				ALWAYS_SEARCH_USER_PATHS = NO;
				CLANG_CXX_LANGUAGE_STANDARD = "gnu++0x";
				CLANG_CXX_LIBRARY = "libc++";
				CLANG_ENABLE_MODULES = YES;
				CLANG_ENABLE_OBJC_ARC = YES;
				CLANG_WARN_BOOL_CONVERSION = YES;
				CLANG_WARN_CONSTANT_CONVERSION = YES;
				CLANG_WARN_DIRECT_OBJC_ISA_USAGE = YES_ERROR;
				CLANG_WARN_EMPTY_BODY = YES;
				CLANG_WARN_ENUM_CONVERSION = YES;
				CLANG_WARN_INT_CONVERSION = YES;
				CLANG_WARN_OBJC_ROOT_CLASS = YES_ERROR;
				CLANG_WARN_UNREACHABLE_CODE = YES;
				CLANG_WARN__DUPLICATE_METHOD_MATCH = YES;
				"CODE_SIGN_IDENTITY[sdk=iphoneos*]" = "iPhone Developer";
				COPY_PHASE_STRIP = NO;
				DEBUG_INFORMATION_FORMAT = "dwarf-with-dsym";
				ENABLE_NS_ASSERTIONS = NO;
				ENABLE_STRICT_OBJC_MSGSEND = YES;
				GCC_C_LANGUAGE_STANDARD = gnu99;
				GCC_NO_COMMON_BLOCKS = YES;
				GCC_WARN_64_TO_32_BIT_CONVERSION = YES;
				GCC_WARN_ABOUT_RETURN_TYPE = YES_ERROR;
				GCC_WARN_UNDECLARED_SELECTOR = YES;
				GCC_WARN_UNINITIALIZED_AUTOS = YES_AGGRESSIVE;
				GCC_WARN_UNUSED_FUNCTION = YES;
				GCC_WARN_UNUSED_VARIABLE = YES;
				IPHONEOS_DEPLOYMENT_TARGET = 9.0;
				MTL_ENABLE_DEBUG_INFO = NO;
				SDKROOT = iphoneos;
				VALIDATE_PRODUCT = YES;
			};
			name = Release;
		};
		3502E9621B32C86F00D6BB43 /* Debug */ = {
			isa = XCBuildConfiguration;
			baseConfigurationReference = 90440FF6100A162A442FF978 /* Pods-DesignerApp.debug.xcconfig */;
			buildSettings = {
				ASSETCATALOG_COMPILER_APPICON_NAME = AppIcon;
				INFOPLIST_FILE = DesignerApp/Info.plist;
				LD_RUNPATH_SEARCH_PATHS = "$(inherited) @executable_path/Frameworks";
				PRODUCT_BUNDLE_IDENTIFIER = org.gongmingqm10.DesignerApp;
				PRODUCT_NAME = "$(TARGET_NAME)";
			};
			name = Debug;
		};
		3502E9631B32C86F00D6BB43 /* Release */ = {
			isa = XCBuildConfiguration;
			baseConfigurationReference = 247337AA22FAC669EB997567 /* Pods-DesignerApp.release.xcconfig */;
			buildSettings = {
				ASSETCATALOG_COMPILER_APPICON_NAME = AppIcon;
				INFOPLIST_FILE = DesignerApp/Info.plist;
				LD_RUNPATH_SEARCH_PATHS = "$(inherited) @executable_path/Frameworks";
				PRODUCT_BUNDLE_IDENTIFIER = org.gongmingqm10.DesignerApp;
				PRODUCT_NAME = "$(TARGET_NAME)";
			};
			name = Release;
		};
		3502E9651B32C86F00D6BB43 /* Debug */ = {
			isa = XCBuildConfiguration;
			buildSettings = {
				BUNDLE_LOADER = "$(TEST_HOST)";
				INFOPLIST_FILE = DesignerAppTests/Info.plist;
				LD_RUNPATH_SEARCH_PATHS = "$(inherited) @executable_path/Frameworks @loader_path/Frameworks";
				PRODUCT_BUNDLE_IDENTIFIER = org.gongmingqm10.DesignerAppTests;
				PRODUCT_NAME = "$(TARGET_NAME)";
				TEST_HOST = "$(BUILT_PRODUCTS_DIR)/DesignerApp.app/DesignerApp";
			};
			name = Debug;
		};
		3502E9661B32C86F00D6BB43 /* Release */ = {
			isa = XCBuildConfiguration;
			buildSettings = {
				BUNDLE_LOADER = "$(TEST_HOST)";
				INFOPLIST_FILE = DesignerAppTests/Info.plist;
				LD_RUNPATH_SEARCH_PATHS = "$(inherited) @executable_path/Frameworks @loader_path/Frameworks";
				PRODUCT_BUNDLE_IDENTIFIER = org.gongmingqm10.DesignerAppTests;
				PRODUCT_NAME = "$(TARGET_NAME)";
				TEST_HOST = "$(BUILT_PRODUCTS_DIR)/DesignerApp.app/DesignerApp";
			};
			name = Release;
		};
		3502E9681B32C86F00D6BB43 /* Debug */ = {
			isa = XCBuildConfiguration;
			buildSettings = {
				INFOPLIST_FILE = DesignerAppUITests/Info.plist;
				LD_RUNPATH_SEARCH_PATHS = "$(inherited) @executable_path/Frameworks @loader_path/Frameworks";
				PRODUCT_BUNDLE_IDENTIFIER = org.gongmingqm10.DesignerAppUITests;
				PRODUCT_NAME = "$(TARGET_NAME)";
				TEST_TARGET_NAME = DesignerApp;
				USES_XCTRUNNER = YES;
			};
			name = Debug;
		};
		3502E9691B32C86F00D6BB43 /* Release */ = {
			isa = XCBuildConfiguration;
			buildSettings = {
				INFOPLIST_FILE = DesignerAppUITests/Info.plist;
				LD_RUNPATH_SEARCH_PATHS = "$(inherited) @executable_path/Frameworks @loader_path/Frameworks";
				PRODUCT_BUNDLE_IDENTIFIER = org.gongmingqm10.DesignerAppUITests;
				PRODUCT_NAME = "$(TARGET_NAME)";
				TEST_TARGET_NAME = DesignerApp;
				USES_XCTRUNNER = YES;
			};
			name = Release;
		};
/* End XCBuildConfiguration section */

/* Begin XCConfigurationList section */
		3502E9341B32C86F00D6BB43 /* Build configuration list for PBXProject "DesignerApp" */ = {
			isa = XCConfigurationList;
			buildConfigurations = (
				3502E95F1B32C86F00D6BB43 /* Debug */,
				3502E9601B32C86F00D6BB43 /* Release */,
			);
			defaultConfigurationIsVisible = 0;
			defaultConfigurationName = Release;
		};
		3502E9611B32C86F00D6BB43 /* Build configuration list for PBXNativeTarget "DesignerApp" */ = {
			isa = XCConfigurationList;
			buildConfigurations = (
				3502E9621B32C86F00D6BB43 /* Debug */,
				3502E9631B32C86F00D6BB43 /* Release */,
			);
			defaultConfigurationIsVisible = 0;
			defaultConfigurationName = Release;
		};
		3502E9641B32C86F00D6BB43 /* Build configuration list for PBXNativeTarget "DesignerAppTests" */ = {
			isa = XCConfigurationList;
			buildConfigurations = (
				3502E9651B32C86F00D6BB43 /* Debug */,
				3502E9661B32C86F00D6BB43 /* Release */,
			);
			defaultConfigurationIsVisible = 0;
			defaultConfigurationName = Release;
		};
		3502E9671B32C86F00D6BB43 /* Build configuration list for PBXNativeTarget "DesignerAppUITests" */ = {
			isa = XCConfigurationList;
			buildConfigurations = (
				3502E9681B32C86F00D6BB43 /* Debug */,
				3502E9691B32C86F00D6BB43 /* Release */,
			);
			defaultConfigurationIsVisible = 0;
			defaultConfigurationName = Release;
		};
/* End XCConfigurationList section */
	};
	rootObject = 3502E9311B32C86F00D6BB43 /* Project object */;
}
